
Microsoft Visual Studio Solution File, Format Version 12.00
# Visual Studio Version 16
VisualStudioVersion = 16.0.29613.14
MinimumVisualStudioVersion = 10.0.40219.1
Project("{FAE04EC0-301F-11D3-BF4B-00C04F79EFBC}") = "RusSymbolsToEngAnalogue", "RusSymbolsToEngAnalogue\RusSymbolsToEngAnalogue.csproj", "{F676EEFB-C0FA-4ADC-835E-2EFB0F71337B}"
EndProject
Global
	GlobalSection(SolutionConfigurationPlatforms) = preSolution
		Debug|Any CPU = Debug|Any CPU
		Release|Any CPU = Release|Any CPU
	EndGlobalSection
	GlobalSection(ProjectConfigurationPlatforms) = postSolution
		{F676EEFB-C0FA-4ADC-835E-2EFB0F71337B}.Debug|Any CPU.ActiveCfg = Debug|Any CPU
		{F676EEFB-C0FA-4ADC-835E-2EFB0F71337B}.Debug|Any CPU.Build.0 = Debug|Any CPU
		{F676EEFB-C0FA-4ADC-835E-2EFB0F71337B}.Release|Any CPU.ActiveCfg = Release|Any CPU
		{F676EEFB-C0FA-4ADC-835E-2EFB0F71337B}.Release|Any CPU.Build.0 = Release|Any CPU
	EndGlobalSection
	GlobalSection(SolutionProperties) = preSolution
		HideSolutionNode = FALSE
	EndGlobalSection
	GlobalSection(ExtensibilityGlobals) = postSolution
		SolutionGuid = {41E390E2-48A4-40D9-A588-E09011EDC060}
	EndGlobalSection
EndGlobal
